
Microsoft Visual Studio Solution File, Format Version 12.00
# Visual Studio Version 16
VisualStudioVersion = 16.0.29215.179
MinimumVisualStudioVersion = 10.0.40219.1
Project("{FAE04EC0-301F-11D3-BF4B-00C04F79EFBC}") = "IfStatements", "IfStatements\IfStatements.csproj", "{19D65048-98C5-4413-852A-A7E3B978458F}"
EndProject
Global
	GlobalSection(SolutionConfigurationPlatforms) = preSolution
		Debug|Any CPU = Debug|Any CPU
		Release|Any CPU = Release|Any CPU
	EndGlobalSection
	GlobalSection(ProjectConfigurationPlatforms) = postSolution
		{19D65048-98C5-4413-852A-A7E3B978458F}.Debug|Any CPU.ActiveCfg = Debug|Any CPU
		{19D65048-98C5-4413-852A-A7E3B978458F}.Debug|Any CPU.Build.0 = Debug|Any CPU
		{19D65048-98C5-4413-852A-A7E3B978458F}.Release|Any CPU.ActiveCfg = Release|Any CPU
		{19D65048-98C5-4413-852A-A7E3B978458F}.Release|Any CPU.Build.0 = Release|Any CPU
	EndGlobalSection
	GlobalSection(SolutionProperties) = preSolution
		HideSolutionNode = FALSE
	EndGlobalSection
	GlobalSection(ExtensibilityGlobals) = postSolution
		SolutionGuid = {55743B34-5A56-4001-BCE6-18B210372B0F}
	EndGlobalSection
EndGlobal
