
Microsoft Visual Studio Solution File, Format Version 12.00
# Visual Studio Version 16
VisualStudioVersion = 16.0.29215.179
MinimumVisualStudioVersion = 10.0.40219.1
Project("{FAE04EC0-301F-11D3-BF4B-00C04F79EFBC}") = "BetterCalculator", "BetterCalculator\BetterCalculator.csproj", "{FC263121-40D9-4088-9BCF-BC5A21262601}"
EndProject
Global
	GlobalSection(SolutionConfigurationPlatforms) = preSolution
		Debug|Any CPU = Debug|Any CPU
		Release|Any CPU = Release|Any CPU
	EndGlobalSection
	GlobalSection(ProjectConfigurationPlatforms) = postSolution
		{FC263121-40D9-4088-9BCF-BC5A21262601}.Debug|Any CPU.ActiveCfg = Debug|Any CPU
		{FC263121-40D9-4088-9BCF-BC5A21262601}.Debug|Any CPU.Build.0 = Debug|Any CPU
		{FC263121-40D9-4088-9BCF-BC5A21262601}.Release|Any CPU.ActiveCfg = Release|Any CPU
		{FC263121-40D9-4088-9BCF-BC5A21262601}.Release|Any CPU.Build.0 = Release|Any CPU
	EndGlobalSection
	GlobalSection(SolutionProperties) = preSolution
		HideSolutionNode = FALSE
	EndGlobalSection
	GlobalSection(ExtensibilityGlobals) = postSolution
		SolutionGuid = {08442622-4BBA-45BE-80DC-68FCBED21F14}
	EndGlobalSection
EndGlobal
