
Microsoft Visual Studio Solution File, Format Version 12.00
# Visual Studio Version 16
VisualStudioVersion = 16.0.29215.179
MinimumVisualStudioVersion = 10.0.40219.1
Project("{FAE04EC0-301F-11D3-BF4B-00C04F79EFBC}") = "Numbers", "Numbers\Numbers.csproj", "{78DC8E9E-B7E1-4FF7-8446-E80941A43053}"
EndProject
Global
	GlobalSection(SolutionConfigurationPlatforms) = preSolution
		Debug|Any CPU = Debug|Any CPU
		Release|Any CPU = Release|Any CPU
	EndGlobalSection
	GlobalSection(ProjectConfigurationPlatforms) = postSolution
		{78DC8E9E-B7E1-4FF7-8446-E80941A43053}.Debug|Any CPU.ActiveCfg = Debug|Any CPU
		{78DC8E9E-B7E1-4FF7-8446-E80941A43053}.Debug|Any CPU.Build.0 = Debug|Any CPU
		{78DC8E9E-B7E1-4FF7-8446-E80941A43053}.Release|Any CPU.ActiveCfg = Release|Any CPU
		{78DC8E9E-B7E1-4FF7-8446-E80941A43053}.Release|Any CPU.Build.0 = Release|Any CPU
	EndGlobalSection
	GlobalSection(SolutionProperties) = preSolution
		HideSolutionNode = FALSE
	EndGlobalSection
	GlobalSection(ExtensibilityGlobals) = postSolution
		SolutionGuid = {75858086-A16B-454F-A5A3-61DA6259A305}
	EndGlobalSection
EndGlobal
